
Microsoft Visual Studio Solution File, Format Version 11.00
# Visual Studio 2010
Project("{2150E333-8FDC-42A3-9474-1A3956D46DE8}") = "Config", "Config", "{C1B23ACA-3EF8-4EEF-9192-938632124F27}"
	ProjectSection(SolutionItems) = preProject
		config\Configurations.xml = config\Configurations.xml
	EndProjectSection
EndProject
Project("{2150E333-8FDC-42A3-9474-1A3956D46DE8}") = "Build", "Build", "{8FA54973-7055-4E53-9BE2-9326DB062BEE}"
EndProject
Project("{FAE04EC0-301F-11D3-BF4B-00C04F79EFBC}") = "Jhu.Graywulf.ConfigUtil", "..\graywulf\build\Jhu.Graywulf.ConfigUtil\Jhu.Graywulf.ConfigUtil.csproj", "{04B142F2-23C8-4ADC-B296-AA5228B87064}"
EndProject
Project("{2150E333-8FDC-42A3-9474-1A3956D46DE8}") = "Dll", "Dll", "{2939F058-FEE3-4142-BF45-8672DCFD4C11}"
EndProject
Project("{FAE04EC0-301F-11D3-BF4B-00C04F79EFBC}") = "Jhu.Graywulf.ParserLib", "..\graywulf\dll\Jhu.Graywulf.ParserLib\Jhu.Graywulf.ParserLib.csproj", "{4039B7D0-F8E5-49D8-A770-133DBED2EA75}"
	ProjectSection(ProjectDependencies) = postProject
		{04B142F2-23C8-4ADC-B296-AA5228B87064} = {04B142F2-23C8-4ADC-B296-AA5228B87064}
	EndProjectSection
EndProject
Project("{FAE04EC0-301F-11D3-BF4B-00C04F79EFBC}") = "Jhu.Graywulf.SqlParser.Generator", "..\graywulf\build\Jhu.Graywulf.SqlParser.Generator\Jhu.Graywulf.SqlParser.Generator.csproj", "{77BE21A2-3AF7-478A-8279-3C741BF3BD59}"
EndProject
Project("{2150E333-8FDC-42A3-9474-1A3956D46DE8}") = "Graywulf", "Graywulf", "{2C0C403F-4604-4DA8-8A2E-C593288D5D57}"
EndProject
Project("{FAE04EC0-301F-11D3-BF4B-00C04F79EFBC}") = "Jhu.Graywulf.Activities", "..\graywulf\dll\Jhu.Graywulf.Activities\Jhu.Graywulf.Activities.csproj", "{57392DA3-E280-48EE-80C8-64E09FD8AFB5}"
	ProjectSection(ProjectDependencies) = postProject
		{04B142F2-23C8-4ADC-B296-AA5228B87064} = {04B142F2-23C8-4ADC-B296-AA5228B87064}
	EndProjectSection
EndProject
Project("{FAE04EC0-301F-11D3-BF4B-00C04F79EFBC}") = "Jhu.Graywulf.Components", "..\graywulf\dll\Jhu.Graywulf.Components\Jhu.Graywulf.Components.csproj", "{ABB4C403-720A-47E1-9485-CFAADD696656}"
EndProject
Project("{FAE04EC0-301F-11D3-BF4B-00C04F79EFBC}") = "Jhu.Graywulf.Install", "..\graywulf\dll\Jhu.Graywulf.Install\Jhu.Graywulf.Install.csproj", "{AC357A2C-5388-4D7F-B1AF-C78D9BF8326C}"
	ProjectSection(ProjectDependencies) = postProject
		{04B142F2-23C8-4ADC-B296-AA5228B87064} = {04B142F2-23C8-4ADC-B296-AA5228B87064}
	EndProjectSection
EndProject
Project("{FAE04EC0-301F-11D3-BF4B-00C04F79EFBC}") = "Jhu.Graywulf.IO", "..\graywulf\dll\Jhu.Graywulf.IO\Jhu.Graywulf.IO.csproj", "{6797ED88-1D8C-491B-A036-4C42C4BF2EAF}"
	ProjectSection(ProjectDependencies) = postProject
		{04B142F2-23C8-4ADC-B296-AA5228B87064} = {04B142F2-23C8-4ADC-B296-AA5228B87064}
	EndProjectSection
EndProject
Project("{FAE04EC0-301F-11D3-BF4B-00C04F79EFBC}") = "Jhu.Graywulf.Jobs", "..\graywulf\dll\Jhu.Graywulf.Jobs\Jhu.Graywulf.Jobs.csproj", "{2BD2D467-D003-468D-9B97-83DDC6F2ED78}"
	ProjectSection(ProjectDependencies) = postProject
		{04B142F2-23C8-4ADC-B296-AA5228B87064} = {04B142F2-23C8-4ADC-B296-AA5228B87064}
	EndProjectSection
EndProject
Project("{FAE04EC0-301F-11D3-BF4B-00C04F79EFBC}") = "Jhu.Graywulf.Logging", "..\graywulf\dll\Jhu.Graywulf.Logging\Jhu.Graywulf.Logging.csproj", "{FD98FB58-A3E5-4D32-B6D6-3E20609C4D09}"
	ProjectSection(ProjectDependencies) = postProject
		{04B142F2-23C8-4ADC-B296-AA5228B87064} = {04B142F2-23C8-4ADC-B296-AA5228B87064}
	EndProjectSection
EndProject
Project("{FAE04EC0-301F-11D3-BF4B-00C04F79EFBC}") = "Jhu.Graywulf.Metadata", "..\graywulf\dll\Jhu.Graywulf.Metadata\Jhu.Graywulf.Metadata.csproj", "{129E1B6F-B0B3-4C7C-8FE2-4B1B8556B96D}"
	ProjectSection(ProjectDependencies) = postProject
		{04B142F2-23C8-4ADC-B296-AA5228B87064} = {04B142F2-23C8-4ADC-B296-AA5228B87064}
	EndProjectSection
EndProject
Project("{FAE04EC0-301F-11D3-BF4B-00C04F79EFBC}") = "Jhu.Graywulf.Registry", "..\graywulf\dll\Jhu.Graywulf.Registry\Jhu.Graywulf.Registry.csproj", "{59BFB28B-3F97-4714-B8D7-A1B40F668831}"
	ProjectSection(ProjectDependencies) = postProject
		{04B142F2-23C8-4ADC-B296-AA5228B87064} = {04B142F2-23C8-4ADC-B296-AA5228B87064}
	EndProjectSection
EndProject
Project("{FAE04EC0-301F-11D3-BF4B-00C04F79EFBC}") = "Jhu.Graywulf.Registry.Enum", "..\graywulf\dll\Jhu.Graywulf.Registry.Enum\Jhu.Graywulf.Registry.Enum.csproj", "{71599792-21CC-4E63-AFB5-2AFBDB3DF418}"
EndProject
Project("{FAE04EC0-301F-11D3-BF4B-00C04F79EFBC}") = "Jhu.Graywulf.RemoteService", "..\graywulf\dll\Jhu.Graywulf.RemoteService\Jhu.Graywulf.RemoteService.csproj", "{5460DB30-CFD9-4EDB-A1E8-161A7CC505C5}"
	ProjectSection(ProjectDependencies) = postProject
		{04B142F2-23C8-4ADC-B296-AA5228B87064} = {04B142F2-23C8-4ADC-B296-AA5228B87064}
	EndProjectSection
EndProject
Project("{FAE04EC0-301F-11D3-BF4B-00C04F79EFBC}") = "Jhu.Graywulf.Web", "..\graywulf\dll\Jhu.Graywulf.Web\Jhu.Graywulf.Web.csproj", "{E9D182CF-746E-4E40-B01C-74A32FB70749}"
	ProjectSection(ProjectDependencies) = postProject
		{04B142F2-23C8-4ADC-B296-AA5228B87064} = {04B142F2-23C8-4ADC-B296-AA5228B87064}
	EndProjectSection
EndProject
Project("{2150E333-8FDC-42A3-9474-1A3956D46DE8}") = "Default", "Default", "{30859602-EBCE-4886-BE45-444EA42EEB76}"
	ProjectSection(SolutionItems) = preProject
		config\default\binaries.config = config\default\binaries.config
		config\default\connectionStrings.config = config\default\connectionStrings.config
		config\default\mailSettings.config = config\default\mailSettings.config
		config\default\registry.config = config\default\registry.config
		config\default\remoteService.config = config\default\remoteService.config
		config\default\scheduler.config = config\default\scheduler.config
		config\default\test.config = config\default\test.config
		config\default\web.config = config\default\web.config
	EndProjectSection
EndProject
Project("{2150E333-8FDC-42A3-9474-1A3956D46DE8}") = "Exe", "Exe", "{4F1895F8-526E-4F3B-868F-580C86D3EFAD}"
EndProject
Project("{FAE04EC0-301F-11D3-BF4B-00C04F79EFBC}") = "Jhu.Graywulf.Install.CmdLineUtil", "..\graywulf\exe\Jhu.Graywulf.Install.CmdLineUtil\Jhu.Graywulf.Install.CmdLineUtil.csproj", "{19966DF7-6E7D-454C-B4D7-54EC77E220D2}"
EndProject
Project("{FAE04EC0-301F-11D3-BF4B-00C04F79EFBC}") = "Jhu.Graywulf.Jobs.CmdLineUtil", "..\graywulf\exe\Jhu.Graywulf.Jobs.CmdLineUtil\Jhu.Graywulf.Jobs.CmdLineUtil.csproj", "{1844E778-F94F-4F73-A2DA-7694CE00ADC0}"
EndProject
Project("{FAE04EC0-301F-11D3-BF4B-00C04F79EFBC}") = "Jhu.Graywulf.Metadata.CmdLineUtil", "..\graywulf\exe\Jhu.Graywulf.Metadata.CmdLineUtil\Jhu.Graywulf.Metadata.CmdLineUtil.csproj", "{CE2D9C45-BF0A-452F-82E5-1E974DCAF046}"
EndProject
Project("{FAE04EC0-301F-11D3-BF4B-00C04F79EFBC}") = "Jhu.Graywulf.RemoteService.Server", "..\graywulf\exe\Jhu.Graywulf.RemoteService.Server\Jhu.Graywulf.RemoteService.Server.csproj", "{3AC81304-44BA-4D55-A872-469BC11C9CBC}"
EndProject
Project("{FAE04EC0-301F-11D3-BF4B-00C04F79EFBC}") = "Jhu.Graywulf.Scheduler", "..\graywulf\exe\Jhu.Graywulf.Scheduler\Jhu.Graywulf.Scheduler.csproj", "{94AB6A2E-6877-4FED-87E2-1F9F17622F43}"
	ProjectSection(ProjectDependencies) = postProject
		{04B142F2-23C8-4ADC-B296-AA5228B87064} = {04B142F2-23C8-4ADC-B296-AA5228B87064}
	EndProjectSection
EndProject
Project("{2150E333-8FDC-42A3-9474-1A3956D46DE8}") = "Web", "Web", "{08B75CEE-73A4-4EB5-8C79-2EB3A1DF628C}"
EndProject
Project("{FAE04EC0-301F-11D3-BF4B-00C04F79EFBC}") = "Jhu.Graywulf.Web.Shared", "..\graywulf\web\Jhu.Graywulf.Web.Shared\Jhu.Graywulf.Web.Shared.csproj", "{B2060D96-81B4-4EE7-B119-A8EC38422298}"
EndProject
Project("{FAE04EC0-301F-11D3-BF4B-00C04F79EFBC}") = "Jhu.Graywulf.Web.Admin", "..\graywulf\web\Jhu.Graywulf.Web.Admin\Jhu.Graywulf.Web.Admin.csproj", "{C5F3DDC5-E942-4DC8-B6EE-9CD4D8B5C79E}"
EndProject
Project("{FAE04EC0-301F-11D3-BF4B-00C04F79EFBC}") = "Jhu.Graywulf.Web.Auth", "..\graywulf\web\Jhu.Graywulf.Web.Auth\Jhu.Graywulf.Web.Auth.csproj", "{7CB2799F-5B60-4CE9-A71F-1B3C8C868EDC}"
EndProject
Project("{FAE04EC0-301F-11D3-BF4B-00C04F79EFBC}") = "Jhu.Graywulf.Web.UI", "..\graywulf\web\Jhu.Graywulf.Web.UI\Jhu.Graywulf.Web.UI.csproj", "{C2F9863F-3D23-4185-BDBC-2DDE39ACBDEA}"
EndProject
Project("{2150E333-8FDC-42A3-9474-1A3956D46DE8}") = "Test", "Test", "{31A32854-8930-499D-9DC1-969C3B2CCE36}"
EndProject
Project("{FAE04EC0-301F-11D3-BF4B-00C04F79EFBC}") = "Jhu.Graywulf.Components.Test", "..\graywulf\test\Jhu.Graywulf.Components.Test\Jhu.Graywulf.Components.Test.csproj", "{CFB7B2D2-C676-4378-8C4D-D3640C40D0A0}"
EndProject
Project("{FAE04EC0-301F-11D3-BF4B-00C04F79EFBC}") = "Jhu.Graywulf.Test", "..\graywulf\test\Jhu.Graywulf.Test\Jhu.Graywulf.Test.csproj", "{EA6164BA-B283-46C2-874B-348D6BAD41AD}"
	ProjectSection(ProjectDependencies) = postProject
		{04B142F2-23C8-4ADC-B296-AA5228B87064} = {04B142F2-23C8-4ADC-B296-AA5228B87064}
	EndProjectSection
EndProject
Project("{FAE04EC0-301F-11D3-BF4B-00C04F79EFBC}") = "Jhu.Graywulf.IO.Test", "..\graywulf\test\Jhu.Graywulf.IO.Test\Jhu.Graywulf.IO.Test.csproj", "{672333CE-F524-4D0C-B1A7-401170C9F212}"
EndProject
Project("{FAE04EC0-301F-11D3-BF4B-00C04F79EFBC}") = "Jhu.Graywulf.Jobs.Test", "..\graywulf\test\Jhu.Graywulf.Jobs.Test\Jhu.Graywulf.Jobs.Test.csproj", "{ECC46A31-4D61-4C1E-B9F6-6F1B97809FB1}"
EndProject
Project("{FAE04EC0-301F-11D3-BF4B-00C04F79EFBC}") = "Jhu.Graywulf.ParserLib.Test", "..\graywulf\test\Jhu.Graywulf.ParserLib.Test\Jhu.Graywulf.ParserLib.Test.csproj", "{131EA75A-8232-42EE-8FDA-0102D6F83D9A}"
EndProject
Project("{FAE04EC0-301F-11D3-BF4B-00C04F79EFBC}") = "Jhu.Graywulf.Registry.Test", "..\graywulf\test\Jhu.Graywulf.Registry.Test\Jhu.Graywulf.Registry.Test.csproj", "{3935FE49-FB79-4A84-AF4C-D7968CCADD0E}"
EndProject
Project("{FAE04EC0-301F-11D3-BF4B-00C04F79EFBC}") = "Jhu.Graywulf.RemoteService.Test", "..\graywulf\test\Jhu.Graywulf.RemoteService.Test\Jhu.Graywulf.RemoteService.Test.csproj", "{8E1D75B4-4188-44D9-8737-93C8BD3FB409}"
EndProject
Project("{FAE04EC0-301F-11D3-BF4B-00C04F79EFBC}") = "Jhu.Graywulf.Scheduler.Test", "..\graywulf\test\Jhu.Graywulf.Scheduler.Test\Jhu.Graywulf.Scheduler.Test.csproj", "{4FB5450D-64E7-4BFA-B7C0-28206E47F41D}"
EndProject
Project("{FAE04EC0-301F-11D3-BF4B-00C04F79EFBC}") = "Jhu.Graywulf.SqlParser.Test", "..\graywulf\test\Jhu.Graywulf.SqlParser.Test\Jhu.Graywulf.SqlParser.Test.csproj", "{54517A77-C93A-424E-A6B3-C74973632995}"
EndProject
Project("{FAE04EC0-301F-11D3-BF4B-00C04F79EFBC}") = "Jhu.Graywulf.Web.Test", "..\graywulf\test\Jhu.Graywulf.Web.Test\Jhu.Graywulf.Web.Test.csproj", "{3C9EA0E6-DAD6-4F6E-BFBA-F24CFC8E2A66}"
EndProject
Project("{FAE04EC0-301F-11D3-BF4B-00C04F79EFBC}") = "Jhu.Graywulf.SqlParser.UI", "..\graywulf\exe\Jhu.Graywulf.SqlParser.UI\Jhu.Graywulf.SqlParser.UI.csproj", "{6A391FD8-C720-4954-A353-31ED2C7F4FDC}"
EndProject
Project("{2150E333-8FDC-42A3-9474-1A3956D46DE8}") = "voservices.net", "voservices.net", "{078A5A50-2832-4A6E-BDB2-866E750E7817}"
	ProjectSection(SolutionItems) = preProject
		config\voservices.net\binaries.config = config\voservices.net\binaries.config
		config\voservices.net\connectionStrings.config = config\voservices.net\connectionStrings.config
		config\voservices.net\mailSettings.config = config\voservices.net\mailSettings.config
		config\voservices.net\registry.config = config\voservices.net\registry.config
		config\voservices.net\remoteService.config = config\voservices.net\remoteService.config
		config\voservices.net\scheduler.config = config\voservices.net\scheduler.config
		config\voservices.net\test.config = config\voservices.net\test.config
		config\voservices.net\web.config = config\voservices.net\web.config
	EndProjectSection
EndProject
Project("{2150E333-8FDC-42A3-9474-1A3956D46DE8}") = "SkyQuery", "SkyQuery", "{D3BA5B7E-66A6-4881-8BE5-50909394F85D}"
EndProject
Project("{2150E333-8FDC-42A3-9474-1A3956D46DE8}") = "Dll", "Dll", "{66A6B425-4D46-4BF6-A6A2-E71D7E5B0502}"
EndProject
Project("{2150E333-8FDC-42A3-9474-1A3956D46DE8}") = "Exe", "Exe", "{562D8297-CE76-4791-B697-761CC8AF2622}"
EndProject
Project("{2150E333-8FDC-42A3-9474-1A3956D46DE8}") = "Build", "Build", "{A345CE3F-DDE3-40E4-9F53-9ACF32490191}"
EndProject
Project("{FAE04EC0-301F-11D3-BF4B-00C04F79EFBC}") = "Jhu.SkyQuery.Parser.Generator", "build\Jhu.SkyQuery.Parser.Generator\Jhu.SkyQuery.Parser.Generator.csproj", "{9957F3EB-C6AE-4D7E-951D-AB6F4310EFDB}"
EndProject
Project("{FAE04EC0-301F-11D3-BF4B-00C04F79EFBC}") = "Jhu.SkyQuery", "dll\Jhu.SkyQuery\Jhu.SkyQuery.csproj", "{2887F181-7F61-4DF5-BD89-2800503D5F84}"
EndProject
Project("{FAE04EC0-301F-11D3-BF4B-00C04F79EFBC}") = "Jhu.SkyQuery.Parser", "dll\Jhu.SkyQuery.Parser\Jhu.SkyQuery.Parser.csproj", "{8D422C6A-5E21-48A0-9B05-1BCA4C71C6D5}"
EndProject
Project("{FAE04EC0-301F-11D3-BF4B-00C04F79EFBC}") = "Jhu.SkyQuery.SqlClrLib", "dll\Jhu.SkyQuery.SqlClrLib\Jhu.SkyQuery.SqlClrLib.csproj", "{10036FFB-1ADE-4B0D-9249-0A5971F1F983}"
EndProject
Project("{FAE04EC0-301F-11D3-BF4B-00C04F79EFBC}") = "Jhu.SkyQuery.Xmd", "dll\Jhu.SkyQuery.Xmd\Jhu.SkyQuery.Xmd.csproj", "{79AFC0EA-9465-45F8-A315-3FD2996B493D}"
EndProject
Project("{FAE04EC0-301F-11D3-BF4B-00C04F79EFBC}") = "Jhu.SkyQuery.CmdLineUtil", "exe\Jhu.SkyQuery.CmdLineUtil\Jhu.SkyQuery.CmdLineUtil.csproj", "{4B23941B-2A1B-4EB5-86A9-55BD0A0AFA1B}"
EndProject
Project("{FAE04EC0-301F-11D3-BF4B-00C04F79EFBC}") = "Jhu.SkyQuery.Install.CmdLineUtil", "exe\Jhu.SkyQuery.Install.CmdLineUtil\Jhu.SkyQuery.Install.CmdLineUtil.csproj", "{951F6566-1E42-4BBC-BE2F-4AF1969D1262}"
EndProject
Project("{2150E333-8FDC-42A3-9474-1A3956D46DE8}") = "Test", "Test", "{4692BF22-9181-4F47-993B-94E5F4EC604B}"
EndProject
Project("{FAE04EC0-301F-11D3-BF4B-00C04F79EFBC}") = "Jhu.SkyQuery.Parser.Test", "test\Jhu.SkyQuery.Parser.Test\Jhu.SkyQuery.Parser.Test.csproj", "{0C317B62-C844-44BE-BFC5-974F4C1166FC}"
EndProject
Project("{FAE04EC0-301F-11D3-BF4B-00C04F79EFBC}") = "Jhu.SkyQuery.Test", "test\Jhu.SkyQuery.Test\Jhu.SkyQuery.Test.csproj", "{4F27F7FE-7C79-4584-867E-EF17B017F4DB}"
EndProject
Project("{2150E333-8FDC-42A3-9474-1A3956D46DE8}") = "dev.voservices.net", "dev.voservices.net", "{4349441F-9512-4D9D-A045-120E8CFEE430}"
	ProjectSection(SolutionItems) = preProject
		config\dev.voservices.net\binaries.config = config\dev.voservices.net\binaries.config
		config\dev.voservices.net\connectionStrings.config = config\dev.voservices.net\connectionStrings.config
		config\dev.voservices.net\mailSettings.config = config\dev.voservices.net\mailSettings.config
		config\dev.voservices.net\registry.config = config\dev.voservices.net\registry.config
		config\dev.voservices.net\remoteService.config = config\dev.voservices.net\remoteService.config
		config\dev.voservices.net\scheduler.config = config\dev.voservices.net\scheduler.config
		config\dev.voservices.net\test.config = config\dev.voservices.net\test.config
		config\dev.voservices.net\web.config = config\dev.voservices.net\web.config
	EndProjectSection
EndProject
Project("{2150E333-8FDC-42A3-9474-1A3956D46DE8}") = "Solution Items", "Solution Items", "{26EAD0E5-8D2F-4AC6-96BB-B3FD57F8FAA8}"
	ProjectSection(SolutionItems) = preProject
		Local.testsettings = Local.testsettings
		SkyQuery.vsmdi = SkyQuery.vsmdi
		TraceAndTestImpact.testsettings = TraceAndTestImpact.testsettings
	EndProjectSection
EndProject
Project("{2150E333-8FDC-42A3-9474-1A3956D46DE8}") = "command-line", "command-line", "{96CABD47-1762-479B-860D-1821319B9A9E}"
	ProjectSection(SolutionItems) = preProject
		config\command-line\binaries.config = config\command-line\binaries.config
		config\command-line\connectionStrings.config = config\command-line\connectionStrings.config
		config\command-line\mailSettings.config = config\command-line\mailSettings.config
		config\command-line\registry.config = config\command-line\registry.config
		config\command-line\remoteService.config = config\command-line\remoteService.config
		config\command-line\scheduler.config = config\command-line\scheduler.config
		config\command-line\test.config = config\command-line\test.config
		config\command-line\web.config = config\command-line\web.config
	EndProjectSection
EndProject
Project("{2150E333-8FDC-42A3-9474-1A3956D46DE8}") = "Docs", "Docs", "{25C43733-9CD8-4979-B507-F8C7D2AC514B}"
EndProject
Project("{E24C65DC-7377-472B-9ABA-BC803B73C61A}") = "pages", "docs\pages", "{95572CA7-FA01-4B77-AE0C-740B100CE261}"
	ProjectSection(WebsiteProperties) = preProject
		TargetFrameworkMoniker = ".NETFramework,Version%3Dv4.0"
		Debug.AspNetCompiler.VirtualPath = "/pages"
		Debug.AspNetCompiler.PhysicalPath = "docs\pages\"
		Debug.AspNetCompiler.TargetPath = "PrecompiledWeb\pages\"
		Debug.AspNetCompiler.Updateable = "true"
		Debug.AspNetCompiler.ForceOverwrite = "true"
		Debug.AspNetCompiler.FixedNames = "false"
		Debug.AspNetCompiler.Debug = "True"
		Release.AspNetCompiler.VirtualPath = "/pages"
		Release.AspNetCompiler.PhysicalPath = "docs\pages\"
		Release.AspNetCompiler.TargetPath = "PrecompiledWeb\pages\"
		Release.AspNetCompiler.Updateable = "true"
		Release.AspNetCompiler.ForceOverwrite = "true"
		Release.AspNetCompiler.FixedNames = "false"
		Release.AspNetCompiler.Debug = "False"
		VWDPort = "58050"
	EndProjectSection
EndProject
Project("{2150E333-8FDC-42A3-9474-1A3956D46DE8}") = "SharpFitsIO", "SharpFitsIO", "{A868B388-B6B5-4678-9D5B-C479C0D7444F}"
EndProject
Project("{FAE04EC0-301F-11D3-BF4B-00C04F79EFBC}") = "Jhu.SharpFitsIO", "..\sharpfitsio\src\Jhu.SharpFitsIO\Jhu.SharpFitsIO.csproj", "{D9E54B0E-9E09-4E53-95FD-4161F9D61914}"
EndProject
Project("{FAE04EC0-301F-11D3-BF4B-00C04F79EFBC}") = "Jhu.SharpFitsIO.Test", "..\sharpfitsio\test\Jhu.SharpFitsIO.Test\Jhu.SharpFitsIO.Test.csproj", "{68566FE0-6428-4FEF-B6EE-CC56B1FFA82A}"
EndProject
Project("{2150E333-8FDC-42A3-9474-1A3956D46DE8}") = "Dll", "Dll", "{0F7A3033-0385-493B-8DDD-CD70DF048987}"
EndProject
Project("{2150E333-8FDC-42A3-9474-1A3956D46DE8}") = "Test", "Test", "{3FB297F7-C4DD-4458-8550-6AA123E14315}"
EndProject
Project("{FAE04EC0-301F-11D3-BF4B-00C04F79EFBC}") = "Jhu.Graywulf.Sql", "..\graywulf\dll\Jhu.Graywulf.Sql\Jhu.Graywulf.Sql.csproj", "{AADA04EE-F578-4628-8AE0-D423BB94C738}"
EndProject
Project("{FAE04EC0-301F-11D3-BF4B-00C04F79EFBC}") = "Jhu.Graywulf.Sql.Test", "..\graywulf\test\Jhu.Graywulf.Sql.Test\Jhu.Graywulf.Sql.Test.csproj", "{C006350E-76D3-4584-8162-646566B6133C}"
EndProject
Project("{FAE04EC0-301F-11D3-BF4B-00C04F79EFBC}") = "Jhu.Graywulf.Keystone", "..\graywulf\dll\Jhu.Graywulf.Keystone\Jhu.Graywulf.Keystone.csproj", "{FB1B903B-CBA6-4E7E-8C03-C7D8C49E2471}"
EndProject
Project("{FAE04EC0-301F-11D3-BF4B-00C04F79EFBC}") = "Jhu.Graywulf.Keystone.Test", "..\graywulf\test\Jhu.Graywulf.Keystone.Test\Jhu.Graywulf.Keystone.Test.csproj", "{22F28923-33AA-4106-9236-55068B03512F}"
EndProject
Global
	GlobalSection(TestCaseManagementSettings) = postSolution
		CategoryFile = SkyQuery.vsmdi
	EndGlobalSection
	GlobalSection(SolutionConfigurationPlatforms) = preSolution
		Debug|Any CPU = Debug|Any CPU
		Debug|x86 = Debug|x86
		Release|Any CPU = Release|Any CPU
		Release|x86 = Release|x86
	EndGlobalSection
	GlobalSection(ProjectConfigurationPlatforms) = postSolution
		{04B142F2-23C8-4ADC-B296-AA5228B87064}.Debug|Any CPU.ActiveCfg = Debug|Any CPU
		{04B142F2-23C8-4ADC-B296-AA5228B87064}.Debug|Any CPU.Build.0 = Debug|Any CPU
		{04B142F2-23C8-4ADC-B296-AA5228B87064}.Debug|x86.ActiveCfg = Debug|x86
		{04B142F2-23C8-4ADC-B296-AA5228B87064}.Debug|x86.Build.0 = Debug|x86
		{04B142F2-23C8-4ADC-B296-AA5228B87064}.Release|Any CPU.ActiveCfg = Release|Any CPU
		{04B142F2-23C8-4ADC-B296-AA5228B87064}.Release|Any CPU.Build.0 = Release|Any CPU
		{04B142F2-23C8-4ADC-B296-AA5228B87064}.Release|x86.ActiveCfg = Release|x86
		{04B142F2-23C8-4ADC-B296-AA5228B87064}.Release|x86.Build.0 = Release|x86
		{4039B7D0-F8E5-49D8-A770-133DBED2EA75}.Debug|Any CPU.ActiveCfg = Debug|Any CPU
		{4039B7D0-F8E5-49D8-A770-133DBED2EA75}.Debug|Any CPU.Build.0 = Debug|Any CPU
		{4039B7D0-F8E5-49D8-A770-133DBED2EA75}.Debug|x86.ActiveCfg = Debug|x86
		{4039B7D0-F8E5-49D8-A770-133DBED2EA75}.Debug|x86.Build.0 = Debug|x86
		{4039B7D0-F8E5-49D8-A770-133DBED2EA75}.Release|Any CPU.ActiveCfg = Release|Any CPU
		{4039B7D0-F8E5-49D8-A770-133DBED2EA75}.Release|Any CPU.Build.0 = Release|Any CPU
		{4039B7D0-F8E5-49D8-A770-133DBED2EA75}.Release|x86.ActiveCfg = Release|x86
		{4039B7D0-F8E5-49D8-A770-133DBED2EA75}.Release|x86.Build.0 = Release|x86
		{77BE21A2-3AF7-478A-8279-3C741BF3BD59}.Debug|Any CPU.ActiveCfg = Debug|Any CPU
		{77BE21A2-3AF7-478A-8279-3C741BF3BD59}.Debug|Any CPU.Build.0 = Debug|Any CPU
		{77BE21A2-3AF7-478A-8279-3C741BF3BD59}.Debug|x86.ActiveCfg = Debug|x86
		{77BE21A2-3AF7-478A-8279-3C741BF3BD59}.Debug|x86.Build.0 = Debug|x86
		{77BE21A2-3AF7-478A-8279-3C741BF3BD59}.Release|Any CPU.ActiveCfg = Release|Any CPU
		{77BE21A2-3AF7-478A-8279-3C741BF3BD59}.Release|Any CPU.Build.0 = Release|Any CPU
		{77BE21A2-3AF7-478A-8279-3C741BF3BD59}.Release|x86.ActiveCfg = Release|x86
		{77BE21A2-3AF7-478A-8279-3C741BF3BD59}.Release|x86.Build.0 = Release|x86
		{57392DA3-E280-48EE-80C8-64E09FD8AFB5}.Debug|Any CPU.ActiveCfg = Debug|Any CPU
		{57392DA3-E280-48EE-80C8-64E09FD8AFB5}.Debug|Any CPU.Build.0 = Debug|Any CPU
		{57392DA3-E280-48EE-80C8-64E09FD8AFB5}.Debug|x86.ActiveCfg = Debug|Any CPU
		{57392DA3-E280-48EE-80C8-64E09FD8AFB5}.Release|Any CPU.ActiveCfg = Release|Any CPU
		{57392DA3-E280-48EE-80C8-64E09FD8AFB5}.Release|Any CPU.Build.0 = Release|Any CPU
		{57392DA3-E280-48EE-80C8-64E09FD8AFB5}.Release|x86.ActiveCfg = Release|Any CPU
		{ABB4C403-720A-47E1-9485-CFAADD696656}.Debug|Any CPU.ActiveCfg = Debug|Any CPU
		{ABB4C403-720A-47E1-9485-CFAADD696656}.Debug|Any CPU.Build.0 = Debug|Any CPU
		{ABB4C403-720A-47E1-9485-CFAADD696656}.Debug|x86.ActiveCfg = Debug|Any CPU
		{ABB4C403-720A-47E1-9485-CFAADD696656}.Release|Any CPU.ActiveCfg = Release|Any CPU
		{ABB4C403-720A-47E1-9485-CFAADD696656}.Release|Any CPU.Build.0 = Release|Any CPU
		{ABB4C403-720A-47E1-9485-CFAADD696656}.Release|x86.ActiveCfg = Release|Any CPU
		{AC357A2C-5388-4D7F-B1AF-C78D9BF8326C}.Debug|Any CPU.ActiveCfg = Debug|Any CPU
		{AC357A2C-5388-4D7F-B1AF-C78D9BF8326C}.Debug|Any CPU.Build.0 = Debug|Any CPU
		{AC357A2C-5388-4D7F-B1AF-C78D9BF8326C}.Debug|x86.ActiveCfg = Debug|Any CPU
		{AC357A2C-5388-4D7F-B1AF-C78D9BF8326C}.Release|Any CPU.ActiveCfg = Release|Any CPU
		{AC357A2C-5388-4D7F-B1AF-C78D9BF8326C}.Release|Any CPU.Build.0 = Release|Any CPU
		{AC357A2C-5388-4D7F-B1AF-C78D9BF8326C}.Release|x86.ActiveCfg = Release|Any CPU
		{6797ED88-1D8C-491B-A036-4C42C4BF2EAF}.Debug|Any CPU.ActiveCfg = Debug|Any CPU
		{6797ED88-1D8C-491B-A036-4C42C4BF2EAF}.Debug|Any CPU.Build.0 = Debug|Any CPU
		{6797ED88-1D8C-491B-A036-4C42C4BF2EAF}.Debug|x86.ActiveCfg = Debug|Any CPU
		{6797ED88-1D8C-491B-A036-4C42C4BF2EAF}.Release|Any CPU.ActiveCfg = Release|Any CPU
		{6797ED88-1D8C-491B-A036-4C42C4BF2EAF}.Release|Any CPU.Build.0 = Release|Any CPU
		{6797ED88-1D8C-491B-A036-4C42C4BF2EAF}.Release|x86.ActiveCfg = Release|Any CPU
		{2BD2D467-D003-468D-9B97-83DDC6F2ED78}.Debug|Any CPU.ActiveCfg = Debug|Any CPU
		{2BD2D467-D003-468D-9B97-83DDC6F2ED78}.Debug|Any CPU.Build.0 = Debug|Any CPU
		{2BD2D467-D003-468D-9B97-83DDC6F2ED78}.Debug|x86.ActiveCfg = Debug|Any CPU
		{2BD2D467-D003-468D-9B97-83DDC6F2ED78}.Release|Any CPU.ActiveCfg = Release|Any CPU
		{2BD2D467-D003-468D-9B97-83DDC6F2ED78}.Release|Any CPU.Build.0 = Release|Any CPU
		{2BD2D467-D003-468D-9B97-83DDC6F2ED78}.Release|x86.ActiveCfg = Release|Any CPU
		{FD98FB58-A3E5-4D32-B6D6-3E20609C4D09}.Debug|Any CPU.ActiveCfg = Debug|Any CPU
		{FD98FB58-A3E5-4D32-B6D6-3E20609C4D09}.Debug|Any CPU.Build.0 = Debug|Any CPU
		{FD98FB58-A3E5-4D32-B6D6-3E20609C4D09}.Debug|x86.ActiveCfg = Debug|Any CPU
		{FD98FB58-A3E5-4D32-B6D6-3E20609C4D09}.Release|Any CPU.ActiveCfg = Release|Any CPU
		{FD98FB58-A3E5-4D32-B6D6-3E20609C4D09}.Release|Any CPU.Build.0 = Release|Any CPU
		{FD98FB58-A3E5-4D32-B6D6-3E20609C4D09}.Release|x86.ActiveCfg = Release|Any CPU
		{129E1B6F-B0B3-4C7C-8FE2-4B1B8556B96D}.Debug|Any CPU.ActiveCfg = Debug|Any CPU
		{129E1B6F-B0B3-4C7C-8FE2-4B1B8556B96D}.Debug|Any CPU.Build.0 = Debug|Any CPU
		{129E1B6F-B0B3-4C7C-8FE2-4B1B8556B96D}.Debug|x86.ActiveCfg = Debug|Any CPU
		{129E1B6F-B0B3-4C7C-8FE2-4B1B8556B96D}.Release|Any CPU.ActiveCfg = Release|Any CPU
		{129E1B6F-B0B3-4C7C-8FE2-4B1B8556B96D}.Release|Any CPU.Build.0 = Release|Any CPU
		{129E1B6F-B0B3-4C7C-8FE2-4B1B8556B96D}.Release|x86.ActiveCfg = Release|Any CPU
		{59BFB28B-3F97-4714-B8D7-A1B40F668831}.Debug|Any CPU.ActiveCfg = Debug|Any CPU
		{59BFB28B-3F97-4714-B8D7-A1B40F668831}.Debug|Any CPU.Build.0 = Debug|Any CPU
		{59BFB28B-3F97-4714-B8D7-A1B40F668831}.Debug|x86.ActiveCfg = Debug|Any CPU
		{59BFB28B-3F97-4714-B8D7-A1B40F668831}.Release|Any CPU.ActiveCfg = Release|Any CPU
		{59BFB28B-3F97-4714-B8D7-A1B40F668831}.Release|Any CPU.Build.0 = Release|Any CPU
		{59BFB28B-3F97-4714-B8D7-A1B40F668831}.Release|x86.ActiveCfg = Release|Any CPU
		{71599792-21CC-4E63-AFB5-2AFBDB3DF418}.Debug|Any CPU.ActiveCfg = Debug|Any CPU
		{71599792-21CC-4E63-AFB5-2AFBDB3DF418}.Debug|Any CPU.Build.0 = Debug|Any CPU
		{71599792-21CC-4E63-AFB5-2AFBDB3DF418}.Debug|x86.ActiveCfg = Debug|Any CPU
		{71599792-21CC-4E63-AFB5-2AFBDB3DF418}.Release|Any CPU.ActiveCfg = Release|Any CPU
		{71599792-21CC-4E63-AFB5-2AFBDB3DF418}.Release|Any CPU.Build.0 = Release|Any CPU
		{71599792-21CC-4E63-AFB5-2AFBDB3DF418}.Release|Any CPU.Deploy.0 = Release|Any CPU
		{71599792-21CC-4E63-AFB5-2AFBDB3DF418}.Release|x86.ActiveCfg = Release|Any CPU
		{5460DB30-CFD9-4EDB-A1E8-161A7CC505C5}.Debug|Any CPU.ActiveCfg = Debug|Any CPU
		{5460DB30-CFD9-4EDB-A1E8-161A7CC505C5}.Debug|Any CPU.Build.0 = Debug|Any CPU
		{5460DB30-CFD9-4EDB-A1E8-161A7CC505C5}.Debug|x86.ActiveCfg = Debug|Any CPU
		{5460DB30-CFD9-4EDB-A1E8-161A7CC505C5}.Release|Any CPU.ActiveCfg = Release|Any CPU
		{5460DB30-CFD9-4EDB-A1E8-161A7CC505C5}.Release|Any CPU.Build.0 = Release|Any CPU
		{5460DB30-CFD9-4EDB-A1E8-161A7CC505C5}.Release|x86.ActiveCfg = Release|Any CPU
		{E9D182CF-746E-4E40-B01C-74A32FB70749}.Debug|Any CPU.ActiveCfg = Debug|Any CPU
		{E9D182CF-746E-4E40-B01C-74A32FB70749}.Debug|Any CPU.Build.0 = Debug|Any CPU
		{E9D182CF-746E-4E40-B01C-74A32FB70749}.Debug|x86.ActiveCfg = Debug|Any CPU
		{E9D182CF-746E-4E40-B01C-74A32FB70749}.Release|Any CPU.ActiveCfg = Release|Any CPU
		{E9D182CF-746E-4E40-B01C-74A32FB70749}.Release|Any CPU.Build.0 = Release|Any CPU
		{E9D182CF-746E-4E40-B01C-74A32FB70749}.Release|x86.ActiveCfg = Release|Any CPU
		{19966DF7-6E7D-454C-B4D7-54EC77E220D2}.Debug|Any CPU.ActiveCfg = Debug|Any CPU
		{19966DF7-6E7D-454C-B4D7-54EC77E220D2}.Debug|Any CPU.Build.0 = Debug|Any CPU
		{19966DF7-6E7D-454C-B4D7-54EC77E220D2}.Debug|x86.ActiveCfg = Debug|Any CPU
		{19966DF7-6E7D-454C-B4D7-54EC77E220D2}.Release|Any CPU.ActiveCfg = Release|Any CPU
		{19966DF7-6E7D-454C-B4D7-54EC77E220D2}.Release|Any CPU.Build.0 = Release|Any CPU
		{19966DF7-6E7D-454C-B4D7-54EC77E220D2}.Release|x86.ActiveCfg = Release|Any CPU
		{1844E778-F94F-4F73-A2DA-7694CE00ADC0}.Debug|Any CPU.ActiveCfg = Debug|Any CPU
		{1844E778-F94F-4F73-A2DA-7694CE00ADC0}.Debug|Any CPU.Build.0 = Debug|Any CPU
		{1844E778-F94F-4F73-A2DA-7694CE00ADC0}.Debug|x86.ActiveCfg = Debug|x86
		{1844E778-F94F-4F73-A2DA-7694CE00ADC0}.Debug|x86.Build.0 = Debug|x86
		{1844E778-F94F-4F73-A2DA-7694CE00ADC0}.Release|Any CPU.ActiveCfg = Release|Any CPU
		{1844E778-F94F-4F73-A2DA-7694CE00ADC0}.Release|Any CPU.Build.0 = Release|Any CPU
		{1844E778-F94F-4F73-A2DA-7694CE00ADC0}.Release|x86.ActiveCfg = Release|x86
		{1844E778-F94F-4F73-A2DA-7694CE00ADC0}.Release|x86.Build.0 = Release|x86
		{CE2D9C45-BF0A-452F-82E5-1E974DCAF046}.Debug|Any CPU.ActiveCfg = Debug|Any CPU
		{CE2D9C45-BF0A-452F-82E5-1E974DCAF046}.Debug|Any CPU.Build.0 = Debug|Any CPU
		{CE2D9C45-BF0A-452F-82E5-1E974DCAF046}.Debug|x86.ActiveCfg = Debug|Any CPU
		{CE2D9C45-BF0A-452F-82E5-1E974DCAF046}.Release|Any CPU.ActiveCfg = Release|Any CPU
		{CE2D9C45-BF0A-452F-82E5-1E974DCAF046}.Release|Any CPU.Build.0 = Release|Any CPU
		{CE2D9C45-BF0A-452F-82E5-1E974DCAF046}.Release|x86.ActiveCfg = Release|Any CPU
		{3AC81304-44BA-4D55-A872-469BC11C9CBC}.Debug|Any CPU.ActiveCfg = Debug|Any CPU
		{3AC81304-44BA-4D55-A872-469BC11C9CBC}.Debug|Any CPU.Build.0 = Debug|Any CPU
		{3AC81304-44BA-4D55-A872-469BC11C9CBC}.Debug|x86.ActiveCfg = Debug|x86
		{3AC81304-44BA-4D55-A872-469BC11C9CBC}.Debug|x86.Build.0 = Debug|x86
		{3AC81304-44BA-4D55-A872-469BC11C9CBC}.Release|Any CPU.ActiveCfg = Release|Any CPU
		{3AC81304-44BA-4D55-A872-469BC11C9CBC}.Release|Any CPU.Build.0 = Release|Any CPU
		{3AC81304-44BA-4D55-A872-469BC11C9CBC}.Release|x86.ActiveCfg = Release|x86
		{3AC81304-44BA-4D55-A872-469BC11C9CBC}.Release|x86.Build.0 = Release|x86
		{94AB6A2E-6877-4FED-87E2-1F9F17622F43}.Debug|Any CPU.ActiveCfg = Debug|Any CPU
		{94AB6A2E-6877-4FED-87E2-1F9F17622F43}.Debug|Any CPU.Build.0 = Debug|Any CPU
		{94AB6A2E-6877-4FED-87E2-1F9F17622F43}.Debug|x86.ActiveCfg = Debug|Any CPU
		{94AB6A2E-6877-4FED-87E2-1F9F17622F43}.Release|Any CPU.ActiveCfg = Release|Any CPU
		{94AB6A2E-6877-4FED-87E2-1F9F17622F43}.Release|Any CPU.Build.0 = Release|Any CPU
		{94AB6A2E-6877-4FED-87E2-1F9F17622F43}.Release|x86.ActiveCfg = Release|Any CPU
		{B2060D96-81B4-4EE7-B119-A8EC38422298}.Debug|Any CPU.ActiveCfg = Debug|Any CPU
		{B2060D96-81B4-4EE7-B119-A8EC38422298}.Debug|Any CPU.Build.0 = Debug|Any CPU
		{B2060D96-81B4-4EE7-B119-A8EC38422298}.Debug|x86.ActiveCfg = Debug|Any CPU
		{B2060D96-81B4-4EE7-B119-A8EC38422298}.Release|Any CPU.ActiveCfg = Release|Any CPU
		{B2060D96-81B4-4EE7-B119-A8EC38422298}.Release|Any CPU.Build.0 = Release|Any CPU
		{B2060D96-81B4-4EE7-B119-A8EC38422298}.Release|x86.ActiveCfg = Release|Any CPU
		{C5F3DDC5-E942-4DC8-B6EE-9CD4D8B5C79E}.Debug|Any CPU.ActiveCfg = Debug|Any CPU
		{C5F3DDC5-E942-4DC8-B6EE-9CD4D8B5C79E}.Debug|Any CPU.Build.0 = Debug|Any CPU
		{C5F3DDC5-E942-4DC8-B6EE-9CD4D8B5C79E}.Debug|x86.ActiveCfg = Debug|Any CPU
		{C5F3DDC5-E942-4DC8-B6EE-9CD4D8B5C79E}.Release|Any CPU.ActiveCfg = Release|Any CPU
		{C5F3DDC5-E942-4DC8-B6EE-9CD4D8B5C79E}.Release|Any CPU.Build.0 = Release|Any CPU
		{C5F3DDC5-E942-4DC8-B6EE-9CD4D8B5C79E}.Release|x86.ActiveCfg = Release|Any CPU
		{7CB2799F-5B60-4CE9-A71F-1B3C8C868EDC}.Debug|Any CPU.ActiveCfg = Debug|Any CPU
		{7CB2799F-5B60-4CE9-A71F-1B3C8C868EDC}.Debug|Any CPU.Build.0 = Debug|Any CPU
		{7CB2799F-5B60-4CE9-A71F-1B3C8C868EDC}.Debug|x86.ActiveCfg = Debug|Any CPU
		{7CB2799F-5B60-4CE9-A71F-1B3C8C868EDC}.Release|Any CPU.ActiveCfg = Release|Any CPU
		{7CB2799F-5B60-4CE9-A71F-1B3C8C868EDC}.Release|Any CPU.Build.0 = Release|Any CPU
		{7CB2799F-5B60-4CE9-A71F-1B3C8C868EDC}.Release|x86.ActiveCfg = Release|Any CPU
		{C2F9863F-3D23-4185-BDBC-2DDE39ACBDEA}.Debug|Any CPU.ActiveCfg = Debug|Any CPU
		{C2F9863F-3D23-4185-BDBC-2DDE39ACBDEA}.Debug|Any CPU.Build.0 = Debug|Any CPU
		{C2F9863F-3D23-4185-BDBC-2DDE39ACBDEA}.Debug|x86.ActiveCfg = Debug|Any CPU
		{C2F9863F-3D23-4185-BDBC-2DDE39ACBDEA}.Release|Any CPU.ActiveCfg = Release|Any CPU
		{C2F9863F-3D23-4185-BDBC-2DDE39ACBDEA}.Release|Any CPU.Build.0 = Release|Any CPU
		{C2F9863F-3D23-4185-BDBC-2DDE39ACBDEA}.Release|x86.ActiveCfg = Release|Any CPU
		{CFB7B2D2-C676-4378-8C4D-D3640C40D0A0}.Debug|Any CPU.ActiveCfg = Debug|Any CPU
		{CFB7B2D2-C676-4378-8C4D-D3640C40D0A0}.Debug|Any CPU.Build.0 = Debug|Any CPU
		{CFB7B2D2-C676-4378-8C4D-D3640C40D0A0}.Debug|x86.ActiveCfg = Debug|Any CPU
		{CFB7B2D2-C676-4378-8C4D-D3640C40D0A0}.Release|Any CPU.ActiveCfg = Release|Any CPU
		{CFB7B2D2-C676-4378-8C4D-D3640C40D0A0}.Release|Any CPU.Build.0 = Release|Any CPU
		{CFB7B2D2-C676-4378-8C4D-D3640C40D0A0}.Release|x86.ActiveCfg = Release|Any CPU
		{EA6164BA-B283-46C2-874B-348D6BAD41AD}.Debug|Any CPU.ActiveCfg = Debug|Any CPU
		{EA6164BA-B283-46C2-874B-348D6BAD41AD}.Debug|Any CPU.Build.0 = Debug|Any CPU
		{EA6164BA-B283-46C2-874B-348D6BAD41AD}.Debug|x86.ActiveCfg = Debug|Any CPU
		{EA6164BA-B283-46C2-874B-348D6BAD41AD}.Release|Any CPU.ActiveCfg = Release|Any CPU
		{EA6164BA-B283-46C2-874B-348D6BAD41AD}.Release|Any CPU.Build.0 = Release|Any CPU
		{EA6164BA-B283-46C2-874B-348D6BAD41AD}.Release|x86.ActiveCfg = Release|Any CPU
		{672333CE-F524-4D0C-B1A7-401170C9F212}.Debug|Any CPU.ActiveCfg = Debug|Any CPU
		{672333CE-F524-4D0C-B1A7-401170C9F212}.Debug|Any CPU.Build.0 = Debug|Any CPU
		{672333CE-F524-4D0C-B1A7-401170C9F212}.Debug|x86.ActiveCfg = Debug|Any CPU
		{672333CE-F524-4D0C-B1A7-401170C9F212}.Release|Any CPU.ActiveCfg = Release|Any CPU
		{672333CE-F524-4D0C-B1A7-401170C9F212}.Release|Any CPU.Build.0 = Release|Any CPU
		{672333CE-F524-4D0C-B1A7-401170C9F212}.Release|x86.ActiveCfg = Release|Any CPU
		{ECC46A31-4D61-4C1E-B9F6-6F1B97809FB1}.Debug|Any CPU.ActiveCfg = Debug|Any CPU
		{ECC46A31-4D61-4C1E-B9F6-6F1B97809FB1}.Debug|Any CPU.Build.0 = Debug|Any CPU
		{ECC46A31-4D61-4C1E-B9F6-6F1B97809FB1}.Debug|x86.ActiveCfg = Debug|Any CPU
		{ECC46A31-4D61-4C1E-B9F6-6F1B97809FB1}.Release|Any CPU.ActiveCfg = Release|Any CPU
		{ECC46A31-4D61-4C1E-B9F6-6F1B97809FB1}.Release|Any CPU.Build.0 = Release|Any CPU
		{ECC46A31-4D61-4C1E-B9F6-6F1B97809FB1}.Release|x86.ActiveCfg = Release|Any CPU
		{131EA75A-8232-42EE-8FDA-0102D6F83D9A}.Debug|Any CPU.ActiveCfg = Debug|Any CPU
		{131EA75A-8232-42EE-8FDA-0102D6F83D9A}.Debug|Any CPU.Build.0 = Debug|Any CPU
		{131EA75A-8232-42EE-8FDA-0102D6F83D9A}.Debug|x86.ActiveCfg = Debug|Any CPU
		{131EA75A-8232-42EE-8FDA-0102D6F83D9A}.Release|Any CPU.ActiveCfg = Release|Any CPU
		{131EA75A-8232-42EE-8FDA-0102D6F83D9A}.Release|Any CPU.Build.0 = Release|Any CPU
		{131EA75A-8232-42EE-8FDA-0102D6F83D9A}.Release|x86.ActiveCfg = Release|Any CPU
		{3935FE49-FB79-4A84-AF4C-D7968CCADD0E}.Debug|Any CPU.ActiveCfg = Debug|Any CPU
		{3935FE49-FB79-4A84-AF4C-D7968CCADD0E}.Debug|Any CPU.Build.0 = Debug|Any CPU
		{3935FE49-FB79-4A84-AF4C-D7968CCADD0E}.Debug|x86.ActiveCfg = Debug|Any CPU
		{3935FE49-FB79-4A84-AF4C-D7968CCADD0E}.Release|Any CPU.ActiveCfg = Release|Any CPU
		{3935FE49-FB79-4A84-AF4C-D7968CCADD0E}.Release|Any CPU.Build.0 = Release|Any CPU
		{3935FE49-FB79-4A84-AF4C-D7968CCADD0E}.Release|x86.ActiveCfg = Release|Any CPU
		{8E1D75B4-4188-44D9-8737-93C8BD3FB409}.Debug|Any CPU.ActiveCfg = Debug|Any CPU
		{8E1D75B4-4188-44D9-8737-93C8BD3FB409}.Debug|Any CPU.Build.0 = Debug|Any CPU
		{8E1D75B4-4188-44D9-8737-93C8BD3FB409}.Debug|x86.ActiveCfg = Debug|Any CPU
		{8E1D75B4-4188-44D9-8737-93C8BD3FB409}.Release|Any CPU.ActiveCfg = Release|Any CPU
		{8E1D75B4-4188-44D9-8737-93C8BD3FB409}.Release|Any CPU.Build.0 = Release|Any CPU
		{8E1D75B4-4188-44D9-8737-93C8BD3FB409}.Release|x86.ActiveCfg = Release|Any CPU
		{4FB5450D-64E7-4BFA-B7C0-28206E47F41D}.Debug|Any CPU.ActiveCfg = Debug|Any CPU
		{4FB5450D-64E7-4BFA-B7C0-28206E47F41D}.Debug|Any CPU.Build.0 = Debug|Any CPU
		{4FB5450D-64E7-4BFA-B7C0-28206E47F41D}.Debug|x86.ActiveCfg = Debug|Any CPU
		{4FB5450D-64E7-4BFA-B7C0-28206E47F41D}.Release|Any CPU.ActiveCfg = Release|Any CPU
		{4FB5450D-64E7-4BFA-B7C0-28206E47F41D}.Release|Any CPU.Build.0 = Release|Any CPU
		{4FB5450D-64E7-4BFA-B7C0-28206E47F41D}.Release|x86.ActiveCfg = Release|Any CPU
		{54517A77-C93A-424E-A6B3-C74973632995}.Debug|Any CPU.ActiveCfg = Debug|Any CPU
		{54517A77-C93A-424E-A6B3-C74973632995}.Debug|Any CPU.Build.0 = Debug|Any CPU
		{54517A77-C93A-424E-A6B3-C74973632995}.Debug|x86.ActiveCfg = Debug|Any CPU
		{54517A77-C93A-424E-A6B3-C74973632995}.Release|Any CPU.ActiveCfg = Release|Any CPU
		{54517A77-C93A-424E-A6B3-C74973632995}.Release|Any CPU.Build.0 = Release|Any CPU
		{54517A77-C93A-424E-A6B3-C74973632995}.Release|x86.ActiveCfg = Release|Any CPU
		{3C9EA0E6-DAD6-4F6E-BFBA-F24CFC8E2A66}.Debug|Any CPU.ActiveCfg = Debug|Any CPU
		{3C9EA0E6-DAD6-4F6E-BFBA-F24CFC8E2A66}.Debug|Any CPU.Build.0 = Debug|Any CPU
		{3C9EA0E6-DAD6-4F6E-BFBA-F24CFC8E2A66}.Debug|x86.ActiveCfg = Debug|Any CPU
		{3C9EA0E6-DAD6-4F6E-BFBA-F24CFC8E2A66}.Release|Any CPU.ActiveCfg = Release|Any CPU
		{3C9EA0E6-DAD6-4F6E-BFBA-F24CFC8E2A66}.Release|Any CPU.Build.0 = Release|Any CPU
		{3C9EA0E6-DAD6-4F6E-BFBA-F24CFC8E2A66}.Release|x86.ActiveCfg = Release|Any CPU
		{6A391FD8-C720-4954-A353-31ED2C7F4FDC}.Debug|Any CPU.ActiveCfg = Debug|Any CPU
		{6A391FD8-C720-4954-A353-31ED2C7F4FDC}.Debug|Any CPU.Build.0 = Debug|Any CPU
		{6A391FD8-C720-4954-A353-31ED2C7F4FDC}.Debug|x86.ActiveCfg = Debug|x86
		{6A391FD8-C720-4954-A353-31ED2C7F4FDC}.Debug|x86.Build.0 = Debug|x86
		{6A391FD8-C720-4954-A353-31ED2C7F4FDC}.Release|Any CPU.ActiveCfg = Release|Any CPU
		{6A391FD8-C720-4954-A353-31ED2C7F4FDC}.Release|Any CPU.Build.0 = Release|Any CPU
		{6A391FD8-C720-4954-A353-31ED2C7F4FDC}.Release|x86.ActiveCfg = Release|x86
		{6A391FD8-C720-4954-A353-31ED2C7F4FDC}.Release|x86.Build.0 = Release|x86
		{9957F3EB-C6AE-4D7E-951D-AB6F4310EFDB}.Debug|Any CPU.ActiveCfg = Debug|Any CPU
		{9957F3EB-C6AE-4D7E-951D-AB6F4310EFDB}.Debug|Any CPU.Build.0 = Debug|Any CPU
		{9957F3EB-C6AE-4D7E-951D-AB6F4310EFDB}.Debug|x86.ActiveCfg = Debug|x86
		{9957F3EB-C6AE-4D7E-951D-AB6F4310EFDB}.Debug|x86.Build.0 = Debug|x86
		{9957F3EB-C6AE-4D7E-951D-AB6F4310EFDB}.Release|Any CPU.ActiveCfg = Release|Any CPU
		{9957F3EB-C6AE-4D7E-951D-AB6F4310EFDB}.Release|Any CPU.Build.0 = Release|Any CPU
		{9957F3EB-C6AE-4D7E-951D-AB6F4310EFDB}.Release|x86.ActiveCfg = Release|x86
		{9957F3EB-C6AE-4D7E-951D-AB6F4310EFDB}.Release|x86.Build.0 = Release|x86
		{2887F181-7F61-4DF5-BD89-2800503D5F84}.Debug|Any CPU.ActiveCfg = Debug|Any CPU
		{2887F181-7F61-4DF5-BD89-2800503D5F84}.Debug|Any CPU.Build.0 = Debug|Any CPU
		{2887F181-7F61-4DF5-BD89-2800503D5F84}.Debug|x86.ActiveCfg = Debug|Any CPU
		{2887F181-7F61-4DF5-BD89-2800503D5F84}.Release|Any CPU.ActiveCfg = Release|Any CPU
		{2887F181-7F61-4DF5-BD89-2800503D5F84}.Release|Any CPU.Build.0 = Release|Any CPU
		{2887F181-7F61-4DF5-BD89-2800503D5F84}.Release|x86.ActiveCfg = Release|Any CPU
		{8D422C6A-5E21-48A0-9B05-1BCA4C71C6D5}.Debug|Any CPU.ActiveCfg = Debug|Any CPU
		{8D422C6A-5E21-48A0-9B05-1BCA4C71C6D5}.Debug|Any CPU.Build.0 = Debug|Any CPU
		{8D422C6A-5E21-48A0-9B05-1BCA4C71C6D5}.Debug|x86.ActiveCfg = Debug|Any CPU
		{8D422C6A-5E21-48A0-9B05-1BCA4C71C6D5}.Release|Any CPU.ActiveCfg = Release|Any CPU
		{8D422C6A-5E21-48A0-9B05-1BCA4C71C6D5}.Release|Any CPU.Build.0 = Release|Any CPU
		{8D422C6A-5E21-48A0-9B05-1BCA4C71C6D5}.Release|x86.ActiveCfg = Release|Any CPU
		{10036FFB-1ADE-4B0D-9249-0A5971F1F983}.Debug|Any CPU.ActiveCfg = Debug|Any CPU
		{10036FFB-1ADE-4B0D-9249-0A5971F1F983}.Debug|Any CPU.Build.0 = Debug|Any CPU
		{10036FFB-1ADE-4B0D-9249-0A5971F1F983}.Debug|x86.ActiveCfg = Debug|Any CPU
		{10036FFB-1ADE-4B0D-9249-0A5971F1F983}.Release|Any CPU.ActiveCfg = Release|Any CPU
		{10036FFB-1ADE-4B0D-9249-0A5971F1F983}.Release|Any CPU.Build.0 = Release|Any CPU
		{10036FFB-1ADE-4B0D-9249-0A5971F1F983}.Release|Any CPU.Deploy.0 = Release|Any CPU
		{10036FFB-1ADE-4B0D-9249-0A5971F1F983}.Release|x86.ActiveCfg = Release|Any CPU
		{79AFC0EA-9465-45F8-A315-3FD2996B493D}.Debug|Any CPU.ActiveCfg = Debug|Any CPU
		{79AFC0EA-9465-45F8-A315-3FD2996B493D}.Debug|Any CPU.Build.0 = Debug|Any CPU
		{79AFC0EA-9465-45F8-A315-3FD2996B493D}.Debug|x86.ActiveCfg = Debug|Any CPU
		{79AFC0EA-9465-45F8-A315-3FD2996B493D}.Release|Any CPU.ActiveCfg = Release|Any CPU
		{79AFC0EA-9465-45F8-A315-3FD2996B493D}.Release|Any CPU.Build.0 = Release|Any CPU
		{79AFC0EA-9465-45F8-A315-3FD2996B493D}.Release|x86.ActiveCfg = Release|Any CPU
		{4B23941B-2A1B-4EB5-86A9-55BD0A0AFA1B}.Debug|Any CPU.ActiveCfg = Debug|Any CPU
		{4B23941B-2A1B-4EB5-86A9-55BD0A0AFA1B}.Debug|Any CPU.Build.0 = Debug|Any CPU
		{4B23941B-2A1B-4EB5-86A9-55BD0A0AFA1B}.Debug|x86.ActiveCfg = Debug|x86
		{4B23941B-2A1B-4EB5-86A9-55BD0A0AFA1B}.Debug|x86.Build.0 = Debug|x86
		{4B23941B-2A1B-4EB5-86A9-55BD0A0AFA1B}.Release|Any CPU.ActiveCfg = Release|Any CPU
		{4B23941B-2A1B-4EB5-86A9-55BD0A0AFA1B}.Release|Any CPU.Build.0 = Release|Any CPU
		{4B23941B-2A1B-4EB5-86A9-55BD0A0AFA1B}.Release|x86.ActiveCfg = Release|x86
		{4B23941B-2A1B-4EB5-86A9-55BD0A0AFA1B}.Release|x86.Build.0 = Release|x86
		{951F6566-1E42-4BBC-BE2F-4AF1969D1262}.Debug|Any CPU.ActiveCfg = Debug|Any CPU
		{951F6566-1E42-4BBC-BE2F-4AF1969D1262}.Debug|Any CPU.Build.0 = Debug|Any CPU
		{951F6566-1E42-4BBC-BE2F-4AF1969D1262}.Debug|x86.ActiveCfg = Debug|x86
		{951F6566-1E42-4BBC-BE2F-4AF1969D1262}.Debug|x86.Build.0 = Debug|x86
		{951F6566-1E42-4BBC-BE2F-4AF1969D1262}.Release|Any CPU.ActiveCfg = Release|Any CPU
		{951F6566-1E42-4BBC-BE2F-4AF1969D1262}.Release|Any CPU.Build.0 = Release|Any CPU
		{951F6566-1E42-4BBC-BE2F-4AF1969D1262}.Release|x86.ActiveCfg = Release|x86
		{951F6566-1E42-4BBC-BE2F-4AF1969D1262}.Release|x86.Build.0 = Release|x86
		{0C317B62-C844-44BE-BFC5-974F4C1166FC}.Debug|Any CPU.ActiveCfg = Debug|Any CPU
		{0C317B62-C844-44BE-BFC5-974F4C1166FC}.Debug|Any CPU.Build.0 = Debug|Any CPU
		{0C317B62-C844-44BE-BFC5-974F4C1166FC}.Debug|x86.ActiveCfg = Debug|Any CPU
		{0C317B62-C844-44BE-BFC5-974F4C1166FC}.Release|Any CPU.ActiveCfg = Release|Any CPU
		{0C317B62-C844-44BE-BFC5-974F4C1166FC}.Release|Any CPU.Build.0 = Release|Any CPU
		{0C317B62-C844-44BE-BFC5-974F4C1166FC}.Release|x86.ActiveCfg = Release|Any CPU
		{4F27F7FE-7C79-4584-867E-EF17B017F4DB}.Debug|Any CPU.ActiveCfg = Debug|Any CPU
		{4F27F7FE-7C79-4584-867E-EF17B017F4DB}.Debug|Any CPU.Build.0 = Debug|Any CPU
		{4F27F7FE-7C79-4584-867E-EF17B017F4DB}.Debug|x86.ActiveCfg = Debug|Any CPU
		{4F27F7FE-7C79-4584-867E-EF17B017F4DB}.Release|Any CPU.ActiveCfg = Release|Any CPU
		{4F27F7FE-7C79-4584-867E-EF17B017F4DB}.Release|Any CPU.Build.0 = Release|Any CPU
		{4F27F7FE-7C79-4584-867E-EF17B017F4DB}.Release|x86.ActiveCfg = Release|Any CPU
		{95572CA7-FA01-4B77-AE0C-740B100CE261}.Debug|Any CPU.ActiveCfg = Debug|Any CPU
		{95572CA7-FA01-4B77-AE0C-740B100CE261}.Debug|x86.ActiveCfg = Debug|Any CPU
		{95572CA7-FA01-4B77-AE0C-740B100CE261}.Release|Any CPU.ActiveCfg = Debug|Any CPU
		{95572CA7-FA01-4B77-AE0C-740B100CE261}.Release|Any CPU.Build.0 = Debug|Any CPU
		{95572CA7-FA01-4B77-AE0C-740B100CE261}.Release|x86.ActiveCfg = Debug|Any CPU
		{D9E54B0E-9E09-4E53-95FD-4161F9D61914}.Debug|Any CPU.ActiveCfg = Debug|Any CPU
		{D9E54B0E-9E09-4E53-95FD-4161F9D61914}.Debug|Any CPU.Build.0 = Debug|Any CPU
		{D9E54B0E-9E09-4E53-95FD-4161F9D61914}.Debug|x86.ActiveCfg = Debug|Any CPU
		{D9E54B0E-9E09-4E53-95FD-4161F9D61914}.Release|Any CPU.ActiveCfg = Release|Any CPU
		{D9E54B0E-9E09-4E53-95FD-4161F9D61914}.Release|Any CPU.Build.0 = Release|Any CPU
		{D9E54B0E-9E09-4E53-95FD-4161F9D61914}.Release|x86.ActiveCfg = Release|Any CPU
		{68566FE0-6428-4FEF-B6EE-CC56B1FFA82A}.Debug|Any CPU.ActiveCfg = Debug|Any CPU
		{68566FE0-6428-4FEF-B6EE-CC56B1FFA82A}.Debug|Any CPU.Build.0 = Debug|Any CPU
		{68566FE0-6428-4FEF-B6EE-CC56B1FFA82A}.Debug|x86.ActiveCfg = Debug|Any CPU
		{68566FE0-6428-4FEF-B6EE-CC56B1FFA82A}.Release|Any CPU.ActiveCfg = Release|Any CPU
		{68566FE0-6428-4FEF-B6EE-CC56B1FFA82A}.Release|Any CPU.Build.0 = Release|Any CPU
		{68566FE0-6428-4FEF-B6EE-CC56B1FFA82A}.Release|x86.ActiveCfg = Release|Any CPU
		{AADA04EE-F578-4628-8AE0-D423BB94C738}.Debug|Any CPU.ActiveCfg = Debug|Any CPU
		{AADA04EE-F578-4628-8AE0-D423BB94C738}.Debug|Any CPU.Build.0 = Debug|Any CPU
		{AADA04EE-F578-4628-8AE0-D423BB94C738}.Debug|x86.ActiveCfg = Debug|Any CPU
		{AADA04EE-F578-4628-8AE0-D423BB94C738}.Release|Any CPU.ActiveCfg = Release|Any CPU
		{AADA04EE-F578-4628-8AE0-D423BB94C738}.Release|Any CPU.Build.0 = Release|Any CPU
		{AADA04EE-F578-4628-8AE0-D423BB94C738}.Release|x86.ActiveCfg = Release|Any CPU
		{C006350E-76D3-4584-8162-646566B6133C}.Debug|Any CPU.ActiveCfg = Debug|Any CPU
		{C006350E-76D3-4584-8162-646566B6133C}.Debug|Any CPU.Build.0 = Debug|Any CPU
		{C006350E-76D3-4584-8162-646566B6133C}.Debug|x86.ActiveCfg = Debug|Any CPU
		{C006350E-76D3-4584-8162-646566B6133C}.Release|Any CPU.ActiveCfg = Release|Any CPU
		{C006350E-76D3-4584-8162-646566B6133C}.Release|Any CPU.Build.0 = Release|Any CPU
		{C006350E-76D3-4584-8162-646566B6133C}.Release|x86.ActiveCfg = Release|Any CPU
		{FB1B903B-CBA6-4E7E-8C03-C7D8C49E2471}.Debug|Any CPU.ActiveCfg = Debug|Any CPU
		{FB1B903B-CBA6-4E7E-8C03-C7D8C49E2471}.Debug|Any CPU.Build.0 = Debug|Any CPU
		{FB1B903B-CBA6-4E7E-8C03-C7D8C49E2471}.Debug|x86.ActiveCfg = Debug|Any CPU
		{FB1B903B-CBA6-4E7E-8C03-C7D8C49E2471}.Release|Any CPU.ActiveCfg = Release|Any CPU
		{FB1B903B-CBA6-4E7E-8C03-C7D8C49E2471}.Release|Any CPU.Build.0 = Release|Any CPU
		{FB1B903B-CBA6-4E7E-8C03-C7D8C49E2471}.Release|x86.ActiveCfg = Release|Any CPU
		{22F28923-33AA-4106-9236-55068B03512F}.Debug|Any CPU.ActiveCfg = Debug|Any CPU
		{22F28923-33AA-4106-9236-55068B03512F}.Debug|Any CPU.Build.0 = Debug|Any CPU
		{22F28923-33AA-4106-9236-55068B03512F}.Debug|x86.ActiveCfg = Debug|Any CPU
		{22F28923-33AA-4106-9236-55068B03512F}.Release|Any CPU.ActiveCfg = Release|Any CPU
		{22F28923-33AA-4106-9236-55068B03512F}.Release|Any CPU.Build.0 = Release|Any CPU
		{22F28923-33AA-4106-9236-55068B03512F}.Release|x86.ActiveCfg = Release|Any CPU
	EndGlobalSection
	GlobalSection(SolutionProperties) = preSolution
		HideSolutionNode = FALSE
	EndGlobalSection
	GlobalSection(NestedProjects) = preSolution
		{30859602-EBCE-4886-BE45-444EA42EEB76} = {C1B23ACA-3EF8-4EEF-9192-938632124F27}
		{078A5A50-2832-4A6E-BDB2-866E750E7817} = {C1B23ACA-3EF8-4EEF-9192-938632124F27}
		{4349441F-9512-4D9D-A045-120E8CFEE430} = {C1B23ACA-3EF8-4EEF-9192-938632124F27}
		{96CABD47-1762-479B-860D-1821319B9A9E} = {C1B23ACA-3EF8-4EEF-9192-938632124F27}
		{8FA54973-7055-4E53-9BE2-9326DB062BEE} = {2C0C403F-4604-4DA8-8A2E-C593288D5D57}
		{2939F058-FEE3-4142-BF45-8672DCFD4C11} = {2C0C403F-4604-4DA8-8A2E-C593288D5D57}
		{4F1895F8-526E-4F3B-868F-580C86D3EFAD} = {2C0C403F-4604-4DA8-8A2E-C593288D5D57}
		{08B75CEE-73A4-4EB5-8C79-2EB3A1DF628C} = {2C0C403F-4604-4DA8-8A2E-C593288D5D57}
		{31A32854-8930-499D-9DC1-969C3B2CCE36} = {2C0C403F-4604-4DA8-8A2E-C593288D5D57}
		{77BE21A2-3AF7-478A-8279-3C741BF3BD59} = {8FA54973-7055-4E53-9BE2-9326DB062BEE}
		{04B142F2-23C8-4ADC-B296-AA5228B87064} = {8FA54973-7055-4E53-9BE2-9326DB062BEE}
		{4039B7D0-F8E5-49D8-A770-133DBED2EA75} = {2939F058-FEE3-4142-BF45-8672DCFD4C11}
		{57392DA3-E280-48EE-80C8-64E09FD8AFB5} = {2939F058-FEE3-4142-BF45-8672DCFD4C11}
		{ABB4C403-720A-47E1-9485-CFAADD696656} = {2939F058-FEE3-4142-BF45-8672DCFD4C11}
		{AC357A2C-5388-4D7F-B1AF-C78D9BF8326C} = {2939F058-FEE3-4142-BF45-8672DCFD4C11}
		{6797ED88-1D8C-491B-A036-4C42C4BF2EAF} = {2939F058-FEE3-4142-BF45-8672DCFD4C11}
		{2BD2D467-D003-468D-9B97-83DDC6F2ED78} = {2939F058-FEE3-4142-BF45-8672DCFD4C11}
		{FD98FB58-A3E5-4D32-B6D6-3E20609C4D09} = {2939F058-FEE3-4142-BF45-8672DCFD4C11}
		{129E1B6F-B0B3-4C7C-8FE2-4B1B8556B96D} = {2939F058-FEE3-4142-BF45-8672DCFD4C11}
		{59BFB28B-3F97-4714-B8D7-A1B40F668831} = {2939F058-FEE3-4142-BF45-8672DCFD4C11}
		{71599792-21CC-4E63-AFB5-2AFBDB3DF418} = {2939F058-FEE3-4142-BF45-8672DCFD4C11}
		{5460DB30-CFD9-4EDB-A1E8-161A7CC505C5} = {2939F058-FEE3-4142-BF45-8672DCFD4C11}
		{E9D182CF-746E-4E40-B01C-74A32FB70749} = {2939F058-FEE3-4142-BF45-8672DCFD4C11}
		{AADA04EE-F578-4628-8AE0-D423BB94C738} = {2939F058-FEE3-4142-BF45-8672DCFD4C11}
		{FB1B903B-CBA6-4E7E-8C03-C7D8C49E2471} = {2939F058-FEE3-4142-BF45-8672DCFD4C11}
		{19966DF7-6E7D-454C-B4D7-54EC77E220D2} = {4F1895F8-526E-4F3B-868F-580C86D3EFAD}
		{1844E778-F94F-4F73-A2DA-7694CE00ADC0} = {4F1895F8-526E-4F3B-868F-580C86D3EFAD}
		{CE2D9C45-BF0A-452F-82E5-1E974DCAF046} = {4F1895F8-526E-4F3B-868F-580C86D3EFAD}
		{3AC81304-44BA-4D55-A872-469BC11C9CBC} = {4F1895F8-526E-4F3B-868F-580C86D3EFAD}
		{94AB6A2E-6877-4FED-87E2-1F9F17622F43} = {4F1895F8-526E-4F3B-868F-580C86D3EFAD}
		{6A391FD8-C720-4954-A353-31ED2C7F4FDC} = {4F1895F8-526E-4F3B-868F-580C86D3EFAD}
		{B2060D96-81B4-4EE7-B119-A8EC38422298} = {08B75CEE-73A4-4EB5-8C79-2EB3A1DF628C}
		{C5F3DDC5-E942-4DC8-B6EE-9CD4D8B5C79E} = {08B75CEE-73A4-4EB5-8C79-2EB3A1DF628C}
		{7CB2799F-5B60-4CE9-A71F-1B3C8C868EDC} = {08B75CEE-73A4-4EB5-8C79-2EB3A1DF628C}
		{C2F9863F-3D23-4185-BDBC-2DDE39ACBDEA} = {08B75CEE-73A4-4EB5-8C79-2EB3A1DF628C}
		{CFB7B2D2-C676-4378-8C4D-D3640C40D0A0} = {31A32854-8930-499D-9DC1-969C3B2CCE36}
		{EA6164BA-B283-46C2-874B-348D6BAD41AD} = {31A32854-8930-499D-9DC1-969C3B2CCE36}
		{672333CE-F524-4D0C-B1A7-401170C9F212} = {31A32854-8930-499D-9DC1-969C3B2CCE36}
		{ECC46A31-4D61-4C1E-B9F6-6F1B97809FB1} = {31A32854-8930-499D-9DC1-969C3B2CCE36}
		{131EA75A-8232-42EE-8FDA-0102D6F83D9A} = {31A32854-8930-499D-9DC1-969C3B2CCE36}
		{3935FE49-FB79-4A84-AF4C-D7968CCADD0E} = {31A32854-8930-499D-9DC1-969C3B2CCE36}
		{8E1D75B4-4188-44D9-8737-93C8BD3FB409} = {31A32854-8930-499D-9DC1-969C3B2CCE36}
		{4FB5450D-64E7-4BFA-B7C0-28206E47F41D} = {31A32854-8930-499D-9DC1-969C3B2CCE36}
		{54517A77-C93A-424E-A6B3-C74973632995} = {31A32854-8930-499D-9DC1-969C3B2CCE36}
		{3C9EA0E6-DAD6-4F6E-BFBA-F24CFC8E2A66} = {31A32854-8930-499D-9DC1-969C3B2CCE36}
		{C006350E-76D3-4584-8162-646566B6133C} = {31A32854-8930-499D-9DC1-969C3B2CCE36}
		{22F28923-33AA-4106-9236-55068B03512F} = {31A32854-8930-499D-9DC1-969C3B2CCE36}
		{66A6B425-4D46-4BF6-A6A2-E71D7E5B0502} = {D3BA5B7E-66A6-4881-8BE5-50909394F85D}
		{562D8297-CE76-4791-B697-761CC8AF2622} = {D3BA5B7E-66A6-4881-8BE5-50909394F85D}
		{A345CE3F-DDE3-40E4-9F53-9ACF32490191} = {D3BA5B7E-66A6-4881-8BE5-50909394F85D}
		{4692BF22-9181-4F47-993B-94E5F4EC604B} = {D3BA5B7E-66A6-4881-8BE5-50909394F85D}
		{25C43733-9CD8-4979-B507-F8C7D2AC514B} = {D3BA5B7E-66A6-4881-8BE5-50909394F85D}
		{2887F181-7F61-4DF5-BD89-2800503D5F84} = {66A6B425-4D46-4BF6-A6A2-E71D7E5B0502}
		{8D422C6A-5E21-48A0-9B05-1BCA4C71C6D5} = {66A6B425-4D46-4BF6-A6A2-E71D7E5B0502}
		{10036FFB-1ADE-4B0D-9249-0A5971F1F983} = {66A6B425-4D46-4BF6-A6A2-E71D7E5B0502}
		{79AFC0EA-9465-45F8-A315-3FD2996B493D} = {66A6B425-4D46-4BF6-A6A2-E71D7E5B0502}
		{4B23941B-2A1B-4EB5-86A9-55BD0A0AFA1B} = {562D8297-CE76-4791-B697-761CC8AF2622}
		{951F6566-1E42-4BBC-BE2F-4AF1969D1262} = {562D8297-CE76-4791-B697-761CC8AF2622}
		{9957F3EB-C6AE-4D7E-951D-AB6F4310EFDB} = {A345CE3F-DDE3-40E4-9F53-9ACF32490191}
		{0C317B62-C844-44BE-BFC5-974F4C1166FC} = {4692BF22-9181-4F47-993B-94E5F4EC604B}
		{4F27F7FE-7C79-4584-867E-EF17B017F4DB} = {4692BF22-9181-4F47-993B-94E5F4EC604B}
		{26EAD0E5-8D2F-4AC6-96BB-B3FD57F8FAA8} = {4692BF22-9181-4F47-993B-94E5F4EC604B}
		{95572CA7-FA01-4B77-AE0C-740B100CE261} = {25C43733-9CD8-4979-B507-F8C7D2AC514B}
		{0F7A3033-0385-493B-8DDD-CD70DF048987} = {A868B388-B6B5-4678-9D5B-C479C0D7444F}
		{3FB297F7-C4DD-4458-8550-6AA123E14315} = {A868B388-B6B5-4678-9D5B-C479C0D7444F}
		{D9E54B0E-9E09-4E53-95FD-4161F9D61914} = {0F7A3033-0385-493B-8DDD-CD70DF048987}
		{68566FE0-6428-4FEF-B6EE-CC56B1FFA82A} = {3FB297F7-C4DD-4458-8550-6AA123E14315}
	EndGlobalSection
EndGlobal
